// !$*UTF8*$!
{
	archiveVersion = 1;
	classes = {
	};
	objectVersion = 46;
	objects = {

/* Begin PBXBuildFile section */
		2B8E39DB1AFE221C0031275E /* AppDelegate.swift in Sources */ = {isa = PBXBuildFile; fileRef = 2B8E39DA1AFE221C0031275E /* AppDelegate.swift */; };
		2B8E39DD1AFE221C0031275E /* ViewController.swift in Sources */ = {isa = PBXBuildFile; fileRef = 2B8E39DC1AFE221C0031275E /* ViewController.swift */; };
		2B8E39E01AFE221C0031275E /* Main.storyboard in Resources */ = {isa = PBXBuildFile; fileRef = 2B8E39DE1AFE221C0031275E /* Main.storyboard */; };
		2B8E39E21AFE221C0031275E /* Images.xcassets in Resources */ = {isa = PBXBuildFile; fileRef = 2B8E39E11AFE221C0031275E /* Images.xcassets */; };
		2B8E39E51AFE221C0031275E /* LaunchScreen.xib in Resources */ = {isa = PBXBuildFile; fileRef = 2B8E39E31AFE221C0031275E /* LaunchScreen.xib */; };
		2B8E39F11AFE221C0031275E /* STRV_Apple_Watch_HackathonTests.swift in Sources */ = {isa = PBXBuildFile; fileRef = 2B8E39F01AFE221C0031275E /* STRV_Apple_Watch_HackathonTests.swift */; };
		2B8E3A041AFE26750031275E /* InterfaceController.swift in Sources */ = {isa = PBXBuildFile; fileRef = 2B8E3A031AFE26750031275E /* InterfaceController.swift */; };
		2B8E3A061AFE26750031275E /* NotificationController.swift in Sources */ = {isa = PBXBuildFile; fileRef = 2B8E3A051AFE26750031275E /* NotificationController.swift */; };
		2B8E3A081AFE26750031275E /* GlanceController.swift in Sources */ = {isa = PBXBuildFile; fileRef = 2B8E3A071AFE26750031275E /* GlanceController.swift */; };
		2B8E3A0A1AFE26750031275E /* Images.xcassets in Resources */ = {isa = PBXBuildFile; fileRef = 2B8E3A091AFE26750031275E /* Images.xcassets */; };
		2B8E3A0E1AFE26750031275E /* STRV Apple Watch Hackathon WatchKit App.app in Resources */ = {isa = PBXBuildFile; fileRef = 2B8E3A0D1AFE26750031275E /* STRV Apple Watch Hackathon WatchKit App.app */; };
		2B8E3A161AFE26750031275E /* Interface.storyboard in Resources */ = {isa = PBXBuildFile; fileRef = 2B8E3A141AFE26750031275E /* Interface.storyboard */; };
		2B8E3A181AFE26750031275E /* Images.xcassets in Resources */ = {isa = PBXBuildFile; fileRef = 2B8E3A171AFE26750031275E /* Images.xcassets */; };
		2B8E3A1B1AFE26750031275E /* STRV Apple Watch Hackathon WatchKit Extension.appex in Embed App Extensions */ = {isa = PBXBuildFile; fileRef = 2B8E39FE1AFE26740031275E /* STRV Apple Watch Hackathon WatchKit Extension.appex */; settings = {ATTRIBUTES = (RemoveHeadersOnCopy, ); }; };
		2B8E3A241AFE317A0031275E /* MainRowType.swift in Sources */ = {isa = PBXBuildFile; fileRef = 2B8E3A231AFE317A0031275E /* MainRowType.swift */; };
		2B8E3A261AFE36B30031275E /* Link.swift in Sources */ = {isa = PBXBuildFile; fileRef = 2B8E3A251AFE36B30031275E /* Link.swift */; };
		2B8E3A271AFE36B60031275E /* Link.swift in Sources */ = {isa = PBXBuildFile; fileRef = 2B8E3A251AFE36B30031275E /* Link.swift */; };
		2B8E3A291AFE3AE20031275E /* UIColorExt.swift in Sources */ = {isa = PBXBuildFile; fileRef = 2B8E3A281AFE3AE20031275E /* UIColorExt.swift */; };
		2B8E3A2A1AFE3AE20031275E /* UIColorExt.swift in Sources */ = {isa = PBXBuildFile; fileRef = 2B8E3A281AFE3AE20031275E /* UIColorExt.swift */; };
/* End PBXBuildFile section */

/* Begin PBXContainerItemProxy section */
		2B8E39EB1AFE221C0031275E /* PBXContainerItemProxy */ = {
			isa = PBXContainerItemProxy;
			containerPortal = 2B8E39CD1AFE221C0031275E /* Project object */;
			proxyType = 1;
			remoteGlobalIDString = 2B8E39D41AFE221C0031275E;
			remoteInfo = "STRV Apple Watch Hackathon";
		};
		2B8E3A0F1AFE26750031275E /* PBXContainerItemProxy */ = {
			isa = PBXContainerItemProxy;
			containerPortal = 2B8E39CD1AFE221C0031275E /* Project object */;
			proxyType = 1;
			remoteGlobalIDString = 2B8E3A0C1AFE26750031275E;
			remoteInfo = "STRV Apple Watch Hackathon WatchKit App";
		};
		2B8E3A191AFE26750031275E /* PBXContainerItemProxy */ = {
			isa = PBXContainerItemProxy;
			containerPortal = 2B8E39CD1AFE221C0031275E /* Project object */;
			proxyType = 1;
			remoteGlobalIDString = 2B8E39FD1AFE26740031275E;
			remoteInfo = "STRV Apple Watch Hackathon WatchKit Extension";
		};
/* End PBXContainerItemProxy section */

/* Begin PBXCopyFilesBuildPhase section */
		2B8E3A221AFE26750031275E /* Embed App Extensions */ = {
			isa = PBXCopyFilesBuildPhase;
			buildActionMask = 2147483647;
			dstPath = "";
			dstSubfolderSpec = 13;
			files = (
				2B8E3A1B1AFE26750031275E /* STRV Apple Watch Hackathon WatchKit Extension.appex in Embed App Extensions */,
			);
			name = "Embed App Extensions";
			runOnlyForDeploymentPostprocessing = 0;
		};
/* End PBXCopyFilesBuildPhase section */

/* Begin PBXFileReference section */
		2B8E39D51AFE221C0031275E /* STRV Apple Watch Hackathon.app */ = {isa = PBXFileReference; explicitFileType = wrapper.application; includeInIndex = 0; path = "STRV Apple Watch Hackathon.app"; sourceTree = BUILT_PRODUCTS_DIR; };
		2B8E39D91AFE221C0031275E /* Info.plist */ = {isa = PBXFileReference; lastKnownFileType = text.plist.xml; path = Info.plist; sourceTree = "<group>"; };
		2B8E39DA1AFE221C0031275E /* AppDelegate.swift */ = {isa = PBXFileReference; lastKnownFileType = sourcecode.swift; path = AppDelegate.swift; sourceTree = "<group>"; };
		2B8E39DC1AFE221C0031275E /* ViewController.swift */ = {isa = PBXFileReference; lastKnownFileType = sourcecode.swift; path = ViewController.swift; sourceTree = "<group>"; };
		2B8E39DF1AFE221C0031275E /* Base */ = {isa = PBXFileReference; lastKnownFileType = file.storyboard; name = Base; path = Base.lproj/Main.storyboard; sourceTree = "<group>"; };
		2B8E39E11AFE221C0031275E /* Images.xcassets */ = {isa = PBXFileReference; lastKnownFileType = folder.assetcatalog; path = Images.xcassets; sourceTree = "<group>"; };
		2B8E39E41AFE221C0031275E /* Base */ = {isa = PBXFileReference; lastKnownFileType = file.xib; name = Base; path = Base.lproj/LaunchScreen.xib; sourceTree = "<group>"; };
		2B8E39EA1AFE221C0031275E /* STRV Apple Watch HackathonTests.xctest */ = {isa = PBXFileReference; explicitFileType = wrapper.cfbundle; includeInIndex = 0; path = "STRV Apple Watch HackathonTests.xctest"; sourceTree = BUILT_PRODUCTS_DIR; };
		2B8E39EF1AFE221C0031275E /* Info.plist */ = {isa = PBXFileReference; lastKnownFileType = text.plist.xml; path = Info.plist; sourceTree = "<group>"; };
		2B8E39F01AFE221C0031275E /* STRV_Apple_Watch_HackathonTests.swift */ = {isa = PBXFileReference; lastKnownFileType = sourcecode.swift; path = STRV_Apple_Watch_HackathonTests.swift; sourceTree = "<group>"; };
		2B8E39FE1AFE26740031275E /* STRV Apple Watch Hackathon WatchKit Extension.appex */ = {isa = PBXFileReference; explicitFileType = "wrapper.app-extension"; includeInIndex = 0; path = "STRV Apple Watch Hackathon WatchKit Extension.appex"; sourceTree = BUILT_PRODUCTS_DIR; };
		2B8E3A011AFE26750031275E /* Info.plist */ = {isa = PBXFileReference; lastKnownFileType = text.plist.xml; path = Info.plist; sourceTree = "<group>"; };
		2B8E3A021AFE26750031275E /* PushNotificationPayload.apns */ = {isa = PBXFileReference; lastKnownFileType = text; path = PushNotificationPayload.apns; sourceTree = "<group>"; };
		2B8E3A031AFE26750031275E /* InterfaceController.swift */ = {isa = PBXFileReference; lastKnownFileType = sourcecode.swift; path = InterfaceController.swift; sourceTree = "<group>"; };
		2B8E3A051AFE26750031275E /* NotificationController.swift */ = {isa = PBXFileReference; lastKnownFileType = sourcecode.swift; path = NotificationController.swift; sourceTree = "<group>"; };
		2B8E3A071AFE26750031275E /* GlanceController.swift */ = {isa = PBXFileReference; lastKnownFileType = sourcecode.swift; path = GlanceController.swift; sourceTree = "<group>"; };
		2B8E3A091AFE26750031275E /* Images.xcassets */ = {isa = PBXFileReference; lastKnownFileType = folder.assetcatalog; path = Images.xcassets; sourceTree = "<group>"; };
		2B8E3A0D1AFE26750031275E /* STRV Apple Watch Hackathon WatchKit App.app */ = {isa = PBXFileReference; explicitFileType = wrapper.application; includeInIndex = 0; path = "STRV Apple Watch Hackathon WatchKit App.app"; sourceTree = BUILT_PRODUCTS_DIR; };
		2B8E3A131AFE26750031275E /* Info.plist */ = {isa = PBXFileReference; lastKnownFileType = text.plist.xml; path = Info.plist; sourceTree = "<group>"; };
		2B8E3A151AFE26750031275E /* Base */ = {isa = PBXFileReference; lastKnownFileType = file.storyboard; name = Base; path = Base.lproj/Interface.storyboard; sourceTree = "<group>"; };
		2B8E3A171AFE26750031275E /* Images.xcassets */ = {isa = PBXFileReference; lastKnownFileType = folder.assetcatalog; path = Images.xcassets; sourceTree = "<group>"; };
		2B8E3A231AFE317A0031275E /* MainRowType.swift */ = {isa = PBXFileReference; fileEncoding = 4; lastKnownFileType = sourcecode.swift; path = MainRowType.swift; sourceTree = "<group>"; };
		2B8E3A251AFE36B30031275E /* Link.swift */ = {isa = PBXFileReference; fileEncoding = 4; lastKnownFileType = sourcecode.swift; path = Link.swift; sourceTree = "<group>"; };
		2B8E3A281AFE3AE20031275E /* UIColorExt.swift */ = {isa = PBXFileReference; fileEncoding = 4; lastKnownFileType = sourcecode.swift; path = UIColorExt.swift; sourceTree = "<group>"; };
/* End PBXFileReference section */

/* Begin PBXFrameworksBuildPhase section */
		2B8E39D21AFE221C0031275E /* Frameworks */ = {
			isa = PBXFrameworksBuildPhase;
			buildActionMask = 2147483647;
			files = (
			);
			runOnlyForDeploymentPostprocessing = 0;
		};
		2B8E39E71AFE221C0031275E /* Frameworks */ = {
			isa = PBXFrameworksBuildPhase;
			buildActionMask = 2147483647;
			files = (
			);
			runOnlyForDeploymentPostprocessing = 0;
		};
		2B8E39FB1AFE26740031275E /* Frameworks */ = {
			isa = PBXFrameworksBuildPhase;
			buildActionMask = 2147483647;
			files = (
			);
			runOnlyForDeploymentPostprocessing = 0;
		};
/* End PBXFrameworksBuildPhase section */

/* Begin PBXGroup section */
		2B8E39CC1AFE221C0031275E = {
			isa = PBXGroup;
			children = (
				2B8E39D71AFE221C0031275E /* STRV Apple Watch Hackathon */,
				2B8E39ED1AFE221C0031275E /* STRV Apple Watch HackathonTests */,
				2B8E39FF1AFE26750031275E /* STRV Apple Watch Hackathon WatchKit Extension */,
				2B8E3A111AFE26750031275E /* STRV Apple Watch Hackathon WatchKit App */,
				2B8E39D61AFE221C0031275E /* Products */,
			);
			sourceTree = "<group>";
		};
		2B8E39D61AFE221C0031275E /* Products */ = {
			isa = PBXGroup;
			children = (
				2B8E39D51AFE221C0031275E /* STRV Apple Watch Hackathon.app */,
				2B8E39EA1AFE221C0031275E /* STRV Apple Watch HackathonTests.xctest */,
				2B8E39FE1AFE26740031275E /* STRV Apple Watch Hackathon WatchKit Extension.appex */,
				2B8E3A0D1AFE26750031275E /* STRV Apple Watch Hackathon WatchKit App.app */,
			);
			name = Products;
			sourceTree = "<group>";
		};
		2B8E39D71AFE221C0031275E /* STRV Apple Watch Hackathon */ = {
			isa = PBXGroup;
			children = (
				2B8E39DA1AFE221C0031275E /* AppDelegate.swift */,
				2B8E39DC1AFE221C0031275E /* ViewController.swift */,
				2B8E3A251AFE36B30031275E /* Link.swift */,
				2B8E3A281AFE3AE20031275E /* UIColorExt.swift */,
				2B8E39DE1AFE221C0031275E /* Main.storyboard */,
				2B8E39E11AFE221C0031275E /* Images.xcassets */,
				2B8E39E31AFE221C0031275E /* LaunchScreen.xib */,
				2B8E39D81AFE221C0031275E /* Supporting Files */,
			);
			path = "STRV Apple Watch Hackathon";
			sourceTree = "<group>";
		};
		2B8E39D81AFE221C0031275E /* Supporting Files */ = {
			isa = PBXGroup;
			children = (
				2B8E39D91AFE221C0031275E /* Info.plist */,
			);
			name = "Supporting Files";
			sourceTree = "<group>";
		};
		2B8E39ED1AFE221C0031275E /* STRV Apple Watch HackathonTests */ = {
			isa = PBXGroup;
			children = (
				2B8E39F01AFE221C0031275E /* STRV_Apple_Watch_HackathonTests.swift */,
				2B8E39EE1AFE221C0031275E /* Supporting Files */,
			);
			path = "STRV Apple Watch HackathonTests";
			sourceTree = "<group>";
		};
		2B8E39EE1AFE221C0031275E /* Supporting Files */ = {
			isa = PBXGroup;
			children = (
				2B8E39EF1AFE221C0031275E /* Info.plist */,
			);
			name = "Supporting Files";
			sourceTree = "<group>";
		};
		2B8E39FF1AFE26750031275E /* STRV Apple Watch Hackathon WatchKit Extension */ = {
			isa = PBXGroup;
			children = (
				2B8E3A231AFE317A0031275E /* MainRowType.swift */,
				2B8E3A031AFE26750031275E /* InterfaceController.swift */,
				2B8E3A051AFE26750031275E /* NotificationController.swift */,
				2B8E3A071AFE26750031275E /* GlanceController.swift */,
				2B8E3A091AFE26750031275E /* Images.xcassets */,
				2B8E3A001AFE26750031275E /* Supporting Files */,
			);
			path = "STRV Apple Watch Hackathon WatchKit Extension";
			sourceTree = "<group>";
		};
		2B8E3A001AFE26750031275E /* Supporting Files */ = {
			isa = PBXGroup;
			children = (
				2B8E3A011AFE26750031275E /* Info.plist */,
				2B8E3A021AFE26750031275E /* PushNotificationPayload.apns */,
			);
			name = "Supporting Files";
			sourceTree = "<group>";
		};
		2B8E3A111AFE26750031275E /* STRV Apple Watch Hackathon WatchKit App */ = {
			isa = PBXGroup;
			children = (
				2B8E3A141AFE26750031275E /* Interface.storyboard */,
				2B8E3A171AFE26750031275E /* Images.xcassets */,
				2B8E3A121AFE26750031275E /* Supporting Files */,
			);
			path = "STRV Apple Watch Hackathon WatchKit App";
			sourceTree = "<group>";
		};
		2B8E3A121AFE26750031275E /* Supporting Files */ = {
			isa = PBXGroup;
			children = (
				2B8E3A131AFE26750031275E /* Info.plist */,
			);
			name = "Supporting Files";
			sourceTree = "<group>";
		};
/* End PBXGroup section */

/* Begin PBXNativeTarget section */
		2B8E39D41AFE221C0031275E /* STRV Apple Watch Hackathon */ = {
			isa = PBXNativeTarget;
			buildConfigurationList = 2B8E39F41AFE221C0031275E /* Build configuration list for PBXNativeTarget "STRV Apple Watch Hackathon" */;
			buildPhases = (
				2B8E39D11AFE221C0031275E /* Sources */,
				2B8E39D21AFE221C0031275E /* Frameworks */,
				2B8E39D31AFE221C0031275E /* Resources */,
				2B8E3A221AFE26750031275E /* Embed App Extensions */,
			);
			buildRules = (
			);
			dependencies = (
				2B8E3A1A1AFE26750031275E /* PBXTargetDependency */,
			);
			name = "STRV Apple Watch Hackathon";
			productName = "STRV Apple Watch Hackathon";
			productReference = 2B8E39D51AFE221C0031275E /* STRV Apple Watch Hackathon.app */;
			productType = "com.apple.product-type.application";
		};
		2B8E39E91AFE221C0031275E /* STRV Apple Watch HackathonTests */ = {
			isa = PBXNativeTarget;
			buildConfigurationList = 2B8E39F71AFE221C0031275E /* Build configuration list for PBXNativeTarget "STRV Apple Watch HackathonTests" */;
			buildPhases = (
				2B8E39E61AFE221C0031275E /* Sources */,
				2B8E39E71AFE221C0031275E /* Frameworks */,
				2B8E39E81AFE221C0031275E /* Resources */,
			);
			buildRules = (
			);
			dependencies = (
				2B8E39EC1AFE221C0031275E /* PBXTargetDependency */,
			);
			name = "STRV Apple Watch HackathonTests";
			productName = "STRV Apple Watch HackathonTests";
			productReference = 2B8E39EA1AFE221C0031275E /* STRV Apple Watch HackathonTests.xctest */;
			productType = "com.apple.product-type.bundle.unit-test";
		};
		2B8E39FD1AFE26740031275E /* STRV Apple Watch Hackathon WatchKit Extension */ = {
			isa = PBXNativeTarget;
			buildConfigurationList = 2B8E3A1F1AFE26750031275E /* Build configuration list for PBXNativeTarget "STRV Apple Watch Hackathon WatchKit Extension" */;
			buildPhases = (
				2B8E39FA1AFE26740031275E /* Sources */,
				2B8E39FB1AFE26740031275E /* Frameworks */,
				2B8E39FC1AFE26740031275E /* Resources */,
			);
			buildRules = (
			);
			dependencies = (
				2B8E3A101AFE26750031275E /* PBXTargetDependency */,
			);
			name = "STRV Apple Watch Hackathon WatchKit Extension";
			productName = "STRV Apple Watch Hackathon WatchKit Extension";
			productReference = 2B8E39FE1AFE26740031275E /* STRV Apple Watch Hackathon WatchKit Extension.appex */;
			productType = "com.apple.product-type.watchkit-extension";
		};
		2B8E3A0C1AFE26750031275E /* STRV Apple Watch Hackathon WatchKit App */ = {
			isa = PBXNativeTarget;
			buildConfigurationList = 2B8E3A1C1AFE26750031275E /* Build configuration list for PBXNativeTarget "STRV Apple Watch Hackathon WatchKit App" */;
			buildPhases = (
				2B8E3A0B1AFE26750031275E /* Resources */,
			);
			buildRules = (
			);
			dependencies = (
			);
			name = "STRV Apple Watch Hackathon WatchKit App";
			productName = "STRV Apple Watch Hackathon WatchKit App";
			productReference = 2B8E3A0D1AFE26750031275E /* STRV Apple Watch Hackathon WatchKit App.app */;
			productType = "com.apple.product-type.application.watchapp";
		};
/* End PBXNativeTarget section */

/* Begin PBXProject section */
		2B8E39CD1AFE221C0031275E /* Project object */ = {
			isa = PBXProject;
			attributes = {
				LastUpgradeCheck = 0630;
				ORGANIZATIONNAME = "Naim Ashhab";
				TargetAttributes = {
					2B8E39D41AFE221C0031275E = {
						CreatedOnToolsVersion = 6.3.1;
					};
					2B8E39E91AFE221C0031275E = {
						CreatedOnToolsVersion = 6.3.1;
						TestTargetID = 2B8E39D41AFE221C0031275E;
					};
					2B8E39FD1AFE26740031275E = {
						CreatedOnToolsVersion = 6.3.1;
					};
					2B8E3A0C1AFE26750031275E = {
						CreatedOnToolsVersion = 6.3.1;
					};
				};
			};
			buildConfigurationList = 2B8E39D01AFE221C0031275E /* Build configuration list for PBXProject "STRV Apple Watch Hackathon" */;
			compatibilityVersion = "Xcode 3.2";
			developmentRegion = English;
			hasScannedForEncodings = 0;
			knownRegions = (
				en,
				Base,
			);
			mainGroup = 2B8E39CC1AFE221C0031275E;
			productRefGroup = 2B8E39D61AFE221C0031275E /* Products */;
			projectDirPath = "";
			projectRoot = "";
			targets = (
				2B8E39D41AFE221C0031275E /* STRV Apple Watch Hackathon */,
				2B8E39E91AFE221C0031275E /* STRV Apple Watch HackathonTests */,
				2B8E39FD1AFE26740031275E /* STRV Apple Watch Hackathon WatchKit Extension */,
				2B8E3A0C1AFE26750031275E /* STRV Apple Watch Hackathon WatchKit App */,
			);
		};
/* End PBXProject section */

/* Begin PBXResourcesBuildPhase section */
		2B8E39D31AFE221C0031275E /* Resources */ = {
			isa = PBXResourcesBuildPhase;
			buildActionMask = 2147483647;
			files = (
				2B8E39E01AFE221C0031275E /* Main.storyboard in Resources */,
				2B8E39E51AFE221C0031275E /* LaunchScreen.xib in Resources */,
				2B8E39E21AFE221C0031275E /* Images.xcassets in Resources */,
			);
			runOnlyForDeploymentPostprocessing = 0;
		};
		2B8E39E81AFE221C0031275E /* Resources */ = {
			isa = PBXResourcesBuildPhase;
			buildActionMask = 2147483647;
			files = (
			);
			runOnlyForDeploymentPostprocessing = 0;
		};
		2B8E39FC1AFE26740031275E /* Resources */ = {
			isa = PBXResourcesBuildPhase;
			buildActionMask = 2147483647;
			files = (
				2B8E3A0A1AFE26750031275E /* Images.xcassets in Resources */,
				2B8E3A0E1AFE26750031275E /* STRV Apple Watch Hackathon WatchKit App.app in Resources */,
			);
			runOnlyForDeploymentPostprocessing = 0;
		};
		2B8E3A0B1AFE26750031275E /* Resources */ = {
			isa = PBXResourcesBuildPhase;
			buildActionMask = 2147483647;
			files = (
				2B8E3A161AFE26750031275E /* Interface.storyboard in Resources */,
				2B8E3A181AFE26750031275E /* Images.xcassets in Resources */,
			);
			runOnlyForDeploymentPostprocessing = 0;
		};
/* End PBXResourcesBuildPhase section */

/* Begin PBXSourcesBuildPhase section */
		2B8E39D11AFE221C0031275E /* Sources */ = {
			isa = PBXSourcesBuildPhase;
			buildActionMask = 2147483647;
			files = (
				2B8E3A261AFE36B30031275E /* Link.swift in Sources */,
				2B8E3A291AFE3AE20031275E /* UIColorExt.swift in Sources */,
				2B8E39DD1AFE221C0031275E /* ViewController.swift in Sources */,
				2B8E39DB1AFE221C0031275E /* AppDelegate.swift in Sources */,
			);
			runOnlyForDeploymentPostprocessing = 0;
		};
		2B8E39E61AFE221C0031275E /* Sources */ = {
			isa = PBXSourcesBuildPhase;
			buildActionMask = 2147483647;
			files = (
				2B8E39F11AFE221C0031275E /* STRV_Apple_Watch_HackathonTests.swift in Sources */,
			);
			runOnlyForDeploymentPostprocessing = 0;
		};
		2B8E39FA1AFE26740031275E /* Sources */ = {
			isa = PBXSourcesBuildPhase;
			buildActionMask = 2147483647;
			files = (
				2B8E3A061AFE26750031275E /* NotificationController.swift in Sources */,
				2B8E3A2A1AFE3AE20031275E /* UIColorExt.swift in Sources */,
				2B8E3A041AFE26750031275E /* InterfaceController.swift in Sources */,
				2B8E3A081AFE26750031275E /* GlanceController.swift in Sources */,
				2B8E3A241AFE317A0031275E /* MainRowType.swift in Sources */,
				2B8E3A271AFE36B60031275E /* Link.swift in Sources */,
			);
			runOnlyForDeploymentPostprocessing = 0;
		};
/* End PBXSourcesBuildPhase section */

/* Begin PBXTargetDependency section */
		2B8E39EC1AFE221C0031275E /* PBXTargetDependency */ = {
			isa = PBXTargetDependency;
			target = 2B8E39D41AFE221C0031275E /* STRV Apple Watch Hackathon */;
			targetProxy = 2B8E39EB1AFE221C0031275E /* PBXContainerItemProxy */;
		};
		2B8E3A101AFE26750031275E /* PBXTargetDependency */ = {
			isa = PBXTargetDependency;
			target = 2B8E3A0C1AFE26750031275E /* STRV Apple Watch Hackathon WatchKit App */;
			targetProxy = 2B8E3A0F1AFE26750031275E /* PBXContainerItemProxy */;
		};
		2B8E3A1A1AFE26750031275E /* PBXTargetDependency */ = {
			isa = PBXTargetDependency;
			target = 2B8E39FD1AFE26740031275E /* STRV Apple Watch Hackathon WatchKit Extension */;
			targetProxy = 2B8E3A191AFE26750031275E /* PBXContainerItemProxy */;
		};
/* End PBXTargetDependency section */

/* Begin PBXVariantGroup section */
		2B8E39DE1AFE221C0031275E /* Main.storyboard */ = {
			isa = PBXVariantGroup;
			children = (
				2B8E39DF1AFE221C0031275E /* Base */,
			);
			name = Main.storyboard;
			sourceTree = "<group>";
		};
		2B8E39E31AFE221C0031275E /* LaunchScreen.xib */ = {
			isa = PBXVariantGroup;
			children = (
				2B8E39E41AFE221C0031275E /* Base */,
			);
			name = LaunchScreen.xib;
			sourceTree = "<group>";
		};
		2B8E3A141AFE26750031275E /* Interface.storyboard */ = {
			isa = PBXVariantGroup;
			children = (
				2B8E3A151AFE26750031275E /* Base */,
			);
			name = Interface.storyboard;
			sourceTree = "<group>";
		};
/* End PBXVariantGroup section */

/* Begin XCBuildConfiguration section */
		2B8E39F21AFE221C0031275E /* Debug */ = {
			isa = XCBuildConfiguration;
			buildSettings = {
				ALWAYS_SEARCH_USER_PATHS = NO;
				CLANG_CXX_LANGUAGE_STANDARD = "gnu++0x";
				CLANG_CXX_LIBRARY = "libc++";
				CLANG_ENABLE_MODULES = YES;
				CLANG_ENABLE_OBJC_ARC = YES;
				CLANG_WARN_BOOL_CONVERSION = YES;
				CLANG_WARN_CONSTANT_CONVERSION = YES;
				CLANG_WARN_DIRECT_OBJC_ISA_USAGE = YES_ERROR;
				CLANG_WARN_EMPTY_BODY = YES;
				CLANG_WARN_ENUM_CONVERSION = YES;
				CLANG_WARN_INT_CONVERSION = YES;
				CLANG_WARN_OBJC_ROOT_CLASS = YES_ERROR;
				CLANG_WARN_UNREACHABLE_CODE = YES;
				CLANG_WARN__DUPLICATE_METHOD_MATCH = YES;
				"CODE_SIGN_IDENTITY[sdk=iphoneos*]" = "iPhone Developer";
				COPY_PHASE_STRIP = NO;
				DEBUG_INFORMATION_FORMAT = "dwarf-with-dsym";
				ENABLE_STRICT_OBJC_MSGSEND = YES;
				GCC_C_LANGUAGE_STANDARD = gnu99;
				GCC_DYNAMIC_NO_PIC = NO;
				GCC_NO_COMMON_BLOCKS = YES;
				GCC_OPTIMIZATION_LEVEL = 0;
				GCC_PREPROCESSOR_DEFINITIONS = (
					"DEBUG=1",
					"$(inherited)",
				);
				GCC_SYMBOLS_PRIVATE_EXTERN = NO;
				GCC_WARN_64_TO_32_BIT_CONVERSION = YES;
				GCC_WARN_ABOUT_RETURN_TYPE = YES_ERROR;
				GCC_WARN_UNDECLARED_SELECTOR = YES;
				GCC_WARN_UNINITIALIZED_AUTOS = YES_AGGRESSIVE;
				GCC_WARN_UNUSED_FUNCTION = YES;
				GCC_WARN_UNUSED_VARIABLE = YES;
				IPHONEOS_DEPLOYMENT_TARGET = 8.3;
				MTL_ENABLE_DEBUG_INFO = YES;
				ONLY_ACTIVE_ARCH = YES;
				SDKROOT = iphoneos;
				SWIFT_OPTIMIZATION_LEVEL = "-Onone";
			};
			name = Debug;
		};
		2B8E39F31AFE221C0031275E /* Release */ = {
			isa = XCBuildConfiguration;
			buildSettings = {
				ALWAYS_SEARCH_USER_PATHS = NO;
				CLANG_CXX_LANGUAGE_STANDARD = "gnu++0x";
				CLANG_CXX_LIBRARY = "libc++";
				CLANG_ENABLE_MODULES = YES;
				CLANG_ENABLE_OBJC_ARC = YES;
				CLANG_WARN_BOOL_CONVERSION = YES;
				CLANG_WARN_CONSTANT_CONVERSION = YES;
				CLANG_WARN_DIRECT_OBJC_ISA_USAGE = YES_ERROR;
				CLANG_WARN_EMPTY_BODY = YES;
				CLANG_WARN_ENUM_CONVERSION = YES;
				CLANG_WARN_INT_CONVERSION = YES;
				CLANG_WARN_OBJC_ROOT_CLASS = YES_ERROR;
				CLANG_WARN_UNREACHABLE_CODE = YES;
				CLANG_WARN__DUPLICATE_METHOD_MATCH = YES;
				"CODE_SIGN_IDENTITY[sdk=iphoneos*]" = "iPhone Developer";
				COPY_PHASE_STRIP = NO;
				DEBUG_INFORMATION_FORMAT = "dwarf-with-dsym";
				ENABLE_NS_ASSERTIONS = NO;
				ENABLE_STRICT_OBJC_MSGSEND = YES;
				GCC_C_LANGUAGE_STANDARD = gnu99;
				GCC_NO_COMMON_BLOCKS = YES;
				GCC_WARN_64_TO_32_BIT_CONVERSION = YES;
				GCC_WARN_ABOUT_RETURN_TYPE = YES_ERROR;
				GCC_WARN_UNDECLARED_SELECTOR = YES;
				GCC_WARN_UNINITIALIZED_AUTOS = YES_AGGRESSIVE;
				GCC_WARN_UNUSED_FUNCTION = YES;
				GCC_WARN_UNUSED_VARIABLE = YES;
				IPHONEOS_DEPLOYMENT_TARGET = 8.3;
				MTL_ENABLE_DEBUG_INFO = NO;
				SDKROOT = iphoneos;
				VALIDATE_PRODUCT = YES;
			};
			name = Release;
		};
		2B8E39F51AFE221C0031275E /* Debug */ = {
			isa = XCBuildConfiguration;
			buildSettings = {
				ASSETCATALOG_COMPILER_APPICON_NAME = AppIcon;
				INFOPLIST_FILE = "STRV Apple Watch Hackathon/Info.plist";
				LD_RUNPATH_SEARCH_PATHS = "$(inherited) @executable_path/Frameworks";
				PRODUCT_NAME = "$(TARGET_NAME)";
			};
			name = Debug;
		};
		2B8E39F61AFE221C0031275E /* Release */ = {
			isa = XCBuildConfiguration;
			buildSettings = {
				ASSETCATALOG_COMPILER_APPICON_NAME = AppIcon;
				INFOPLIST_FILE = "STRV Apple Watch Hackathon/Info.plist";
				LD_RUNPATH_SEARCH_PATHS = "$(inherited) @executable_path/Frameworks";
				PRODUCT_NAME = "$(TARGET_NAME)";
			};
			name = Release;
		};
		2B8E39F81AFE221C0031275E /* Debug */ = {
			isa = XCBuildConfiguration;
			buildSettings = {
				BUNDLE_LOADER = "$(TEST_HOST)";
				FRAMEWORK_SEARCH_PATHS = (
					"$(SDKROOT)/Developer/Library/Frameworks",
					"$(inherited)",
				);
				GCC_PREPROCESSOR_DEFINITIONS = (
					"DEBUG=1",
					"$(inherited)",
				);
				INFOPLIST_FILE = "STRV Apple Watch HackathonTests/Info.plist";
				LD_RUNPATH_SEARCH_PATHS = "$(inherited) @executable_path/Frameworks @loader_path/Frameworks";
				PRODUCT_NAME = "$(TARGET_NAME)";
				TEST_HOST = "$(BUILT_PRODUCTS_DIR)/STRV Apple Watch Hackathon.app/STRV Apple Watch Hackathon";
			};
			name = Debug;
		};
		2B8E39F91AFE221C0031275E /* Release */ = {
			isa = XCBuildConfiguration;
			buildSettings = {
				BUNDLE_LOADER = "$(TEST_HOST)";
				FRAMEWORK_SEARCH_PATHS = (
					"$(SDKROOT)/Developer/Library/Frameworks",
					"$(inherited)",
				);
				INFOPLIST_FILE = "STRV Apple Watch HackathonTests/Info.plist";
				LD_RUNPATH_SEARCH_PATHS = "$(inherited) @executable_path/Frameworks @loader_path/Frameworks";
				PRODUCT_NAME = "$(TARGET_NAME)";
				TEST_HOST = "$(BUILT_PRODUCTS_DIR)/STRV Apple Watch Hackathon.app/STRV Apple Watch Hackathon";
			};
			name = Release;
		};
		2B8E3A1D1AFE26750031275E /* Debug */ = {
			isa = XCBuildConfiguration;
			buildSettings = {
				ASSETCATALOG_COMPILER_APPICON_NAME = AppIcon;
				GCC_PREPROCESSOR_DEFINITIONS = (
					"DEBUG=1",
					"$(inherited)",
				);
				IBSC_MODULE = STRV_Apple_Watch_Hackathon_WatchKit_Extension;
				INFOPLIST_FILE = "STRV Apple Watch Hackathon WatchKit App/Info.plist";
				IPHONEOS_DEPLOYMENT_TARGET = 8.2;
				PRODUCT_NAME = "$(TARGET_NAME)";
				SKIP_INSTALL = YES;
				TARGETED_DEVICE_FAMILY = 4;
				"TARGETED_DEVICE_FAMILY[sdk=iphonesimulator*]" = "1,4";
			};
			name = Debug;
		};
		2B8E3A1E1AFE26750031275E /* Release */ = {
			isa = XCBuildConfiguration;
			buildSettings = {
				ASSETCATALOG_COMPILER_APPICON_NAME = AppIcon;
				IBSC_MODULE = STRV_Apple_Watch_Hackathon_WatchKit_Extension;
				INFOPLIST_FILE = "STRV Apple Watch Hackathon WatchKit App/Info.plist";
				IPHONEOS_DEPLOYMENT_TARGET = 8.2;
				PRODUCT_NAME = "$(TARGET_NAME)";
				SKIP_INSTALL = YES;
				TARGETED_DEVICE_FAMILY = 4;
				"TARGETED_DEVICE_FAMILY[sdk=iphonesimulator*]" = "1,4";
			};
			name = Release;
		};
		2B8E3A201AFE26750031275E /* Debug */ = {
			isa = XCBuildConfiguration;
			buildSettings = {
				GCC_PREPROCESSOR_DEFINITIONS = (
					"DEBUG=1",
					"$(inherited)",
				);
				INFOPLIST_FILE = "STRV Apple Watch Hackathon WatchKit Extension/Info.plist";
				LD_RUNPATH_SEARCH_PATHS = "$(inherited) @executable_path/Frameworks @executable_path/../../Frameworks";
				PRODUCT_NAME = "${TARGET_NAME}";
				SKIP_INSTALL = YES;
			};
			name = Debug;
		};
		2B8E3A211AFE26750031275E /* Release */ = {
			isa = XCBuildConfiguration;
			buildSettings = {
				INFOPLIST_FILE = "STRV Apple Watch Hackathon WatchKit Extension/Info.plist";
				LD_RUNPATH_SEARCH_PATHS = "$(inherited) @executable_path/Frameworks @executable_path/../../Frameworks";
				PRODUCT_NAME = "${TARGET_NAME}";
				SKIP_INSTALL = YES;
			};
			name = Release;
		};
/* End XCBuildConfiguration section */

/* Begin XCConfigurationList section */
		2B8E39D01AFE221C0031275E /* Build configuration list for PBXProject "STRV Apple Watch Hackathon" */ = {
			isa = XCConfigurationList;
			buildConfigurations = (
				2B8E39F21AFE221C0031275E /* Debug */,
				2B8E39F31AFE221C0031275E /* Release */,
			);
			defaultConfigurationIsVisible = 0;
			defaultConfigurationName = Release;
		};
		2B8E39F41AFE221C0031275E /* Build configuration list for PBXNativeTarget "STRV Apple Watch Hackathon" */ = {
			isa = XCConfigurationList;
			buildConfigurations = (
				2B8E39F51AFE221C0031275E /* Debug */,
				2B8E39F61AFE221C0031275E /* Release */,
			);
			defaultConfigurationIsVisible = 0;
		};
		2B8E39F71AFE221C0031275E /* Build configuration list for PBXNativeTarget "STRV Apple Watch HackathonTests" */ = {
			isa = XCConfigurationList;
			buildConfigurations = (
				2B8E39F81AFE221C0031275E /* Debug */,
				2B8E39F91AFE221C0031275E /* Release */,
			);
			defaultConfigurationIsVisible = 0;
		};
		2B8E3A1C1AFE26750031275E /* Build configuration list for PBXNativeTarget "STRV Apple Watch Hackathon WatchKit App" */ = {
			isa = XCConfigurationList;
			buildConfigurations = (
				2B8E3A1D1AFE26750031275E /* Debug */,
				2B8E3A1E1AFE26750031275E /* Release */,
			);
			defaultConfigurationIsVisible = 0;
		};
		2B8E3A1F1AFE26750031275E /* Build configuration list for PBXNativeTarget "STRV Apple Watch Hackathon WatchKit Extension" */ = {
			isa = XCConfigurationList;
			buildConfigurations = (
				2B8E3A201AFE26750031275E /* Debug */,
				2B8E3A211AFE26750031275E /* Release */,
			);
			defaultConfigurationIsVisible = 0;
		};
/* End XCConfigurationList section */
	};
	rootObject = 2B8E39CD1AFE221C0031275E /* Project object */;
}
